
Microsoft Visual Studio Solution File, Format Version 12.00
# Visual Studio Version 16
VisualStudioVersion = 16.0.31702.278
MinimumVisualStudioVersion = 10.0.40219.1
Project("{FAE04EC0-301F-11D3-BF4B-00C04F79EFBC}") = "RentalKendaraan", "RentalKendaraan\RentalKendaraan.csproj", "{9D59801B-BBF7-4000-ADB2-6BC051E01A9D}"
EndProject
Global
	GlobalSection(SolutionConfigurationPlatforms) = preSolution
		Debug|Any CPU = Debug|Any CPU
		Release|Any CPU = Release|Any CPU
	EndGlobalSection
	GlobalSection(ProjectConfigurationPlatforms) = postSolution
		{9D59801B-BBF7-4000-ADB2-6BC051E01A9D}.Debug|Any CPU.ActiveCfg = Debug|Any CPU
		{9D59801B-BBF7-4000-ADB2-6BC051E01A9D}.Debug|Any CPU.Build.0 = Debug|Any CPU
		{9D59801B-BBF7-4000-ADB2-6BC051E01A9D}.Release|Any CPU.ActiveCfg = Release|Any CPU
		{9D59801B-BBF7-4000-ADB2-6BC051E01A9D}.Release|Any CPU.Build.0 = Release|Any CPU
	EndGlobalSection
	GlobalSection(SolutionProperties) = preSolution
		HideSolutionNode = FALSE
	EndGlobalSection
	GlobalSection(ExtensibilityGlobals) = postSolution
		SolutionGuid = {F5D6F8DE-CEB8-4BA6-A208-EEE0A066CE02}
	EndGlobalSection
EndGlobal
